
Microsoft Visual Studio Solution File, Format Version 12.00
# Visual Studio Version 16
VisualStudioVersion = 16.0.28803.352
MinimumVisualStudioVersion = 10.0.40219.1
Project("{FAE04EC0-301F-11D3-BF4B-00C04F79EFBC}") = "DontFretECommerce", "DontFretECommerce\DontFretECommerce.csproj", "{97717B4B-1AA8-4010-8076-9A0D859440F7}"
EndProject
Global
	GlobalSection(SolutionConfigurationPlatforms) = preSolution
		Debug|Any CPU = Debug|Any CPU
		Release|Any CPU = Release|Any CPU
	EndGlobalSection
	GlobalSection(ProjectConfigurationPlatforms) = postSolution
		{97717B4B-1AA8-4010-8076-9A0D859440F7}.Debug|Any CPU.ActiveCfg = Debug|Any CPU
		{97717B4B-1AA8-4010-8076-9A0D859440F7}.Debug|Any CPU.Build.0 = Debug|Any CPU
		{97717B4B-1AA8-4010-8076-9A0D859440F7}.Release|Any CPU.ActiveCfg = Release|Any CPU
		{97717B4B-1AA8-4010-8076-9A0D859440F7}.Release|Any CPU.Build.0 = Release|Any CPU
	EndGlobalSection
	GlobalSection(SolutionProperties) = preSolution
		HideSolutionNode = FALSE
	EndGlobalSection
	GlobalSection(ExtensibilityGlobals) = postSolution
		SolutionGuid = {19589419-F580-4A8C-89BA-B7AC73251FE0}
	EndGlobalSection
EndGlobal
